{
  "version": 4,
  "terraform_version": "1.3.2",
  "serial": 8,
  "lineage": "d2acc054-4ee7-f6d0-cc2d-069b13b2df99",
  "outputs": {},
  "resources": [
    {
      "mode": "managed",
      "type": "local_file",
      "name": "hosts",
      "provider": "provider[\"registry.terraform.io/hashicorp/local\"]",
      "instances": [
        {
          "schema_version": 0,
          "attributes": {
            "content": "[servers]\njenkins ansible_host=84.201.159.37 ansible_user=admin ansible_python_interpreter=/usr/bin/python3\n",
            "content_base64": null,
            "directory_permission": "0777",
            "file_permission": "0777",
            "filename": "hosts",
            "id": "e0d1d68a7420ecbbf782325366bcde5c74f423b0",
            "sensitive_content": null,
            "source": null
          },
          "sensitive_attributes": [],
          "private": "bnVsbA==",
          "dependencies": [
            "yandex_compute_instance.jenkins"
          ]
        }
      ]
    },
    {
      "mode": "managed",
      "type": "yandex_compute_instance",
      "name": "jenkins",
      "provider": "provider[\"registry.terraform.io/yandex-cloud/yandex\"]",
      "instances": [
        {
          "schema_version": 1,
          "attributes": {
            "allow_recreate": null,
            "allow_stopping_for_update": null,
            "boot_disk": [
              {
                "auto_delete": true,
                "device_name": "fhm70q1li6u2sast5seo",
                "disk_id": "fhm70q1li6u2sast5seo",
                "initialize_params": [
                  {
                    "block_size": 4096,
                    "description": "",
                    "image_id": "fd83clk0nfo8p172omkn",
                    "name": "",
                    "size": 10,
                    "snapshot_id": "",
                    "type": "network-hdd"
                  }
                ],
                "mode": "READ_WRITE"
              }
            ],
            "created_at": "2022-10-26T18:10:54Z",
            "description": "",
            "folder_id": "b1gq0mj5rh4up9offieh",
            "fqdn": "fhmji6ca05l672g4nh5p.auto.internal",
            "hostname": "",
            "id": "fhmji6ca05l672g4nh5p",
            "labels": {},
            "local_disk": [],
            "metadata": {
              "user-data": "#cloud-config\nssh_pwauth: no\nusers:\n  - name: admin\n    sudo: ALL=(ALL) NOPASSWD:ALL\n    shell: /bin/bash\n    ssh_authorized_keys:\n      - ssh-rsa AAAAB3NzaC1yc2EAAAADAQABAAABAQD2NBfTxuMxuU68pBWaJc90AlnRSA5/89w6ZsMo/FNKscKiYDI4GHQLOai5+5Sb1A3q6n1O94hSOFKmESyUmrmIgfmqR27enfU+C0REZIgPS+r1dc9asqSyKPf/Nr6X3T7EQha3Bkzy99hJ6jEBpj7vMrENE6F8Uyik4pXJLrc0n4ckw/QE+iqJ4QSpgj5hw9f+Ii1P8IrGfNLuig+GuSkVTWQkew5buw4FfgVE1Mrr3TzNf3VRSmky68gTd8TyN7ovSObQpzDPScHdv++63aS5GNG29tlxT2YpysrU2KspG9qxQkguN44k8KrM3DLlKtlya1KmtwpGeGfMqH1CfUKP root@PC-DB\n"
            },
            "name": "jenkins",
            "network_acceleration_type": "standard",
            "network_interface": [
              {
                "dns_record": [],
                "index": 0,
                "ip_address": "10.128.0.19",
                "ipv4": true,
                "ipv6": false,
                "ipv6_address": "",
                "ipv6_dns_record": [],
                "mac_address": "d0:0d:13:91:98:a0",
                "nat": true,
                "nat_dns_record": [],
                "nat_ip_address": "84.201.159.37",
                "nat_ip_version": "IPV4",
                "security_group_ids": [],
                "subnet_id": "e9b8fq1qlnj7mb6r5rgf"
              }
            ],
            "placement_policy": [
              {
                "host_affinity_rules": [],
                "placement_group_id": ""
              }
            ],
            "platform_id": "standard-v3",
            "resources": [
              {
                "core_fraction": 100,
                "cores": 2,
                "gpus": 0,
                "memory": 2
              }
            ],
            "scheduling_policy": [
              {
                "preemptible": false
              }
            ],
            "secondary_disk": [],
            "service_account_id": "",
            "status": "running",
            "timeouts": null,
            "zone": "ru-central1-a"
          },
          "sensitive_attributes": [],
          "private": "eyJlMmJmYjczMC1lY2FhLTExZTYtOGY4OC0zNDM2M2JjN2M0YzAiOnsiY3JlYXRlIjozMDAwMDAwMDAwMDAsImRlbGV0ZSI6MzAwMDAwMDAwMDAwLCJ1cGRhdGUiOjMwMDAwMDAwMDAwMH0sInNjaGVtYV92ZXJzaW9uIjoiMSJ9"
        }
      ]
    }
  ],
  "check_results": []
}
